// !$*UTF8*$!
{
	archiveVersion = 1;
	classes = {
	};
	objectVersion = 46;
	objects = {

/* Begin PBXBuildFile section */
		A87CFC291B1C883B00E54163 /* main.m in Sources */ = {isa = PBXBuildFile; fileRef = A87CFC281B1C883B00E54163 /* main.m */; };
		A87CFC341B1C883B00E54163 /* Images.xcassets in Resources */ = {isa = PBXBuildFile; fileRef = A87CFC331B1C883B00E54163 /* Images.xcassets */; };
		A87CFC371B1C883B00E54163 /* LaunchScreen.xib in Resources */ = {isa = PBXBuildFile; fileRef = A87CFC351B1C883B00E54163 /* LaunchScreen.xib */; };
		A87CFC551B1C94B900E54163 /* EdgeAlignmentView.m in Sources */ = {isa = PBXBuildFile; fileRef = A87CFC541B1C94B900E54163 /* EdgeAlignmentView.m */; };
		A87CFC5E1B1CA62500E54163 /* ListViewController.m in Sources */ = {isa = PBXBuildFile; fileRef = A87CFC5D1B1CA62500E54163 /* ListViewController.m */; };
		A87CFC631B1D85F700E54163 /* DetailViewController.m in Sources */ = {isa = PBXBuildFile; fileRef = A87CFC621B1D85F700E54163 /* DetailViewController.m */; };
		A87CFC661B1D88AD00E54163 /* ColorSubviewFactory.m in Sources */ = {isa = PBXBuildFile; fileRef = A87CFC651B1D88AD00E54163 /* ColorSubviewFactory.m */; };
		A87CFC6A1B1D8B5B00E54163 /* AppDelegate.m in Sources */ = {isa = PBXBuildFile; fileRef = A87CFC691B1D8B5B00E54163 /* AppDelegate.m */; };
		A87CFC6D1B1D928E00E54163 /* RowAlignmentView.m in Sources */ = {isa = PBXBuildFile; fileRef = A87CFC6C1B1D928E00E54163 /* RowAlignmentView.m */; };
		A87CFC701B1D9CFB00E54163 /* SampleAppView.m in Sources */ = {isa = PBXBuildFile; fileRef = A87CFC6F1B1D9CFB00E54163 /* SampleAppView.m */; };
		A87CFC761B1DE89B00E54163 /* RowColsArrangementView.m in Sources */ = {isa = PBXBuildFile; fileRef = A87CFC751B1DE89B00E54163 /* RowColsArrangementView.m */; };
		A8A12C821B281DB7003320D5 /* UIView+FrameLayoutTest_allignment.m in Sources */ = {isa = PBXBuildFile; fileRef = A8A12C7F1B281DB7003320D5 /* UIView+FrameLayoutTest_allignment.m */; };
		A8A12C831B281DB7003320D5 /* UIView+FrameLayoutTest_pinnig.m in Sources */ = {isa = PBXBuildFile; fileRef = A8A12C801B281DB7003320D5 /* UIView+FrameLayoutTest_pinnig.m */; };
		A8A12C841B281DB7003320D5 /* UIView+FrameLayoutTest_properties.m in Sources */ = {isa = PBXBuildFile; fileRef = A8A12C811B281DB7003320D5 /* UIView+FrameLayoutTest_properties.m */; };
		A8A12C861B281E4B003320D5 /* UIView+FrameLayoutTest_arrange.m in Sources */ = {isa = PBXBuildFile; fileRef = A8A12C851B281E4B003320D5 /* UIView+FrameLayoutTest_arrange.m */; };
		A8D680E61B257F8E0038D3BC /* UIView+PLFrameLayout.m in Sources */ = {isa = PBXBuildFile; fileRef = A8D680E51B257F8E0038D3BC /* UIView+PLFrameLayout.m */; };
		A8D680E91B259B230038D3BC /* UIView+Utilities.m in Sources */ = {isa = PBXBuildFile; fileRef = A8D680E81B259B230038D3BC /* UIView+Utilities.m */; };
/* End PBXBuildFile section */

/* Begin PBXContainerItemProxy section */
		A87CFC3D1B1C883B00E54163 /* PBXContainerItemProxy */ = {
			isa = PBXContainerItemProxy;
			containerPortal = A87CFC1B1B1C883B00E54163 /* Project object */;
			proxyType = 1;
			remoteGlobalIDString = A87CFC221B1C883B00E54163;
			remoteInfo = FrameLayoutTestApp;
		};
/* End PBXContainerItemProxy section */

/* Begin PBXFileReference section */
		A87CFC231B1C883B00E54163 /* FrameLayoutTestApp.app */ = {isa = PBXFileReference; explicitFileType = wrapper.application; includeInIndex = 0; path = FrameLayoutTestApp.app; sourceTree = BUILT_PRODUCTS_DIR; };
		A87CFC271B1C883B00E54163 /* Info.plist */ = {isa = PBXFileReference; lastKnownFileType = text.plist.xml; path = Info.plist; sourceTree = "<group>"; };
		A87CFC281B1C883B00E54163 /* main.m */ = {isa = PBXFileReference; lastKnownFileType = sourcecode.c.objc; path = main.m; sourceTree = "<group>"; };
		A87CFC331B1C883B00E54163 /* Images.xcassets */ = {isa = PBXFileReference; lastKnownFileType = folder.assetcatalog; path = Images.xcassets; sourceTree = "<group>"; };
		A87CFC361B1C883B00E54163 /* Base */ = {isa = PBXFileReference; lastKnownFileType = file.xib; name = Base; path = Base.lproj/LaunchScreen.xib; sourceTree = "<group>"; };
		A87CFC3C1B1C883B00E54163 /* FrameLayoutTestAppTests.xctest */ = {isa = PBXFileReference; explicitFileType = wrapper.cfbundle; includeInIndex = 0; path = FrameLayoutTestAppTests.xctest; sourceTree = BUILT_PRODUCTS_DIR; };
		A87CFC411B1C883B00E54163 /* Info.plist */ = {isa = PBXFileReference; lastKnownFileType = text.plist.xml; path = Info.plist; sourceTree = "<group>"; };
		A87CFC531B1C94B900E54163 /* EdgeAlignmentView.h */ = {isa = PBXFileReference; fileEncoding = 4; lastKnownFileType = sourcecode.c.h; name = EdgeAlignmentView.h; path = classes/EdgeAlignmentView.h; sourceTree = "<group>"; };
		A87CFC541B1C94B900E54163 /* EdgeAlignmentView.m */ = {isa = PBXFileReference; fileEncoding = 4; lastKnownFileType = sourcecode.c.objc; name = EdgeAlignmentView.m; path = classes/EdgeAlignmentView.m; sourceTree = "<group>"; wrapsLines = 0; };
		A87CFC5C1B1CA62500E54163 /* ListViewController.h */ = {isa = PBXFileReference; fileEncoding = 4; lastKnownFileType = sourcecode.c.h; name = ListViewController.h; path = classes/ListViewController.h; sourceTree = "<group>"; };
		A87CFC5D1B1CA62500E54163 /* ListViewController.m */ = {isa = PBXFileReference; fileEncoding = 4; lastKnownFileType = sourcecode.c.objc; name = ListViewController.m; path = classes/ListViewController.m; sourceTree = "<group>"; };
		A87CFC611B1D85F700E54163 /* DetailViewController.h */ = {isa = PBXFileReference; fileEncoding = 4; lastKnownFileType = sourcecode.c.h; name = DetailViewController.h; path = classes/DetailViewController.h; sourceTree = "<group>"; };
		A87CFC621B1D85F700E54163 /* DetailViewController.m */ = {isa = PBXFileReference; fileEncoding = 4; lastKnownFileType = sourcecode.c.objc; name = DetailViewController.m; path = classes/DetailViewController.m; sourceTree = "<group>"; };
		A87CFC641B1D88AD00E54163 /* ColorSubviewFactory.h */ = {isa = PBXFileReference; fileEncoding = 4; lastKnownFileType = sourcecode.c.h; name = ColorSubviewFactory.h; path = classes/ColorSubviewFactory.h; sourceTree = "<group>"; };
		A87CFC651B1D88AD00E54163 /* ColorSubviewFactory.m */ = {isa = PBXFileReference; fileEncoding = 4; lastKnownFileType = sourcecode.c.objc; name = ColorSubviewFactory.m; path = classes/ColorSubviewFactory.m; sourceTree = "<group>"; };
		A87CFC681B1D8B5B00E54163 /* AppDelegate.h */ = {isa = PBXFileReference; fileEncoding = 4; lastKnownFileType = sourcecode.c.h; name = AppDelegate.h; path = classes/AppDelegate.h; sourceTree = "<group>"; };
		A87CFC691B1D8B5B00E54163 /* AppDelegate.m */ = {isa = PBXFileReference; fileEncoding = 4; lastKnownFileType = sourcecode.c.objc; name = AppDelegate.m; path = classes/AppDelegate.m; sourceTree = "<group>"; wrapsLines = 0; };
		A87CFC6B1B1D928E00E54163 /* RowAlignmentView.h */ = {isa = PBXFileReference; fileEncoding = 4; lastKnownFileType = sourcecode.c.h; name = RowAlignmentView.h; path = classes/RowAlignmentView.h; sourceTree = "<group>"; };
		A87CFC6C1B1D928E00E54163 /* RowAlignmentView.m */ = {isa = PBXFileReference; fileEncoding = 4; lastKnownFileType = sourcecode.c.objc; name = RowAlignmentView.m; path = classes/RowAlignmentView.m; sourceTree = "<group>"; };
		A87CFC6E1B1D9CFB00E54163 /* SampleAppView.h */ = {isa = PBXFileReference; fileEncoding = 4; lastKnownFileType = sourcecode.c.h; name = SampleAppView.h; path = classes/SampleAppView.h; sourceTree = "<group>"; };
		A87CFC6F1B1D9CFB00E54163 /* SampleAppView.m */ = {isa = PBXFileReference; fileEncoding = 4; lastKnownFileType = sourcecode.c.objc; name = SampleAppView.m; path = classes/SampleAppView.m; sourceTree = "<group>"; wrapsLines = 0; };
		A87CFC741B1DE89B00E54163 /* RowColsArrangementView.h */ = {isa = PBXFileReference; fileEncoding = 4; lastKnownFileType = sourcecode.c.h; name = RowColsArrangementView.h; path = classes/RowColsArrangementView.h; sourceTree = "<group>"; };
		A87CFC751B1DE89B00E54163 /* RowColsArrangementView.m */ = {isa = PBXFileReference; fileEncoding = 4; lastKnownFileType = sourcecode.c.objc; name = RowColsArrangementView.m; path = classes/RowColsArrangementView.m; sourceTree = "<group>"; };
		A8A12C7F1B281DB7003320D5 /* UIView+FrameLayoutTest_allignment.m */ = {isa = PBXFileReference; fileEncoding = 4; lastKnownFileType = sourcecode.c.objc; path = "UIView+FrameLayoutTest_allignment.m"; sourceTree = "<group>"; };
		A8A12C801B281DB7003320D5 /* UIView+FrameLayoutTest_pinnig.m */ = {isa = PBXFileReference; fileEncoding = 4; lastKnownFileType = sourcecode.c.objc; path = "UIView+FrameLayoutTest_pinnig.m"; sourceTree = "<group>"; };
		A8A12C811B281DB7003320D5 /* UIView+FrameLayoutTest_properties.m */ = {isa = PBXFileReference; fileEncoding = 4; lastKnownFileType = sourcecode.c.objc; path = "UIView+FrameLayoutTest_properties.m"; sourceTree = "<group>"; };
		A8A12C851B281E4B003320D5 /* UIView+FrameLayoutTest_arrange.m */ = {isa = PBXFileReference; fileEncoding = 4; lastKnownFileType = sourcecode.c.objc; path = "UIView+FrameLayoutTest_arrange.m"; sourceTree = "<group>"; };
		A8D680E41B257F8E0038D3BC /* UIView+PLFrameLayout.h */ = {isa = PBXFileReference; fileEncoding = 4; lastKnownFileType = sourcecode.c.h; name = "UIView+PLFrameLayout.h"; path = "../../Framework/UIView+PLFrameLayout.h"; sourceTree = "<group>"; };
		A8D680E51B257F8E0038D3BC /* UIView+PLFrameLayout.m */ = {isa = PBXFileReference; fileEncoding = 4; lastKnownFileType = sourcecode.c.objc; name = "UIView+PLFrameLayout.m"; path = "../../Framework/UIView+PLFrameLayout.m"; sourceTree = "<group>"; };
		A8D680E71B259B230038D3BC /* UIView+Utilities.h */ = {isa = PBXFileReference; fileEncoding = 4; lastKnownFileType = sourcecode.c.h; name = "UIView+Utilities.h"; path = "classes/UIView+Utilities.h"; sourceTree = "<group>"; };
		A8D680E81B259B230038D3BC /* UIView+Utilities.m */ = {isa = PBXFileReference; fileEncoding = 4; lastKnownFileType = sourcecode.c.objc; name = "UIView+Utilities.m"; path = "classes/UIView+Utilities.m"; sourceTree = "<group>"; };
/* End PBXFileReference section */

/* Begin PBXFrameworksBuildPhase section */
		A87CFC201B1C883B00E54163 /* Frameworks */ = {
			isa = PBXFrameworksBuildPhase;
			buildActionMask = 2147483647;
			files = (
			);
			runOnlyForDeploymentPostprocessing = 0;
		};
		A87CFC391B1C883B00E54163 /* Frameworks */ = {
			isa = PBXFrameworksBuildPhase;
			buildActionMask = 2147483647;
			files = (
			);
			runOnlyForDeploymentPostprocessing = 0;
		};
/* End PBXFrameworksBuildPhase section */

/* Begin PBXGroup section */
		A87CFC1A1B1C883B00E54163 = {
			isa = PBXGroup;
			children = (
				A87CFC251B1C883B00E54163 /* FrameLayoutTestApp */,
				A87CFC3F1B1C883B00E54163 /* FrameLayoutTestAppTests */,
				A87CFC241B1C883B00E54163 /* Products */,
			);
			sourceTree = "<group>";
		};
		A87CFC241B1C883B00E54163 /* Products */ = {
			isa = PBXGroup;
			children = (
				A87CFC231B1C883B00E54163 /* FrameLayoutTestApp.app */,
				A87CFC3C1B1C883B00E54163 /* FrameLayoutTestAppTests.xctest */,
			);
			name = Products;
			sourceTree = "<group>";
		};
		A87CFC251B1C883B00E54163 /* FrameLayoutTestApp */ = {
			isa = PBXGroup;
			children = (
				A87CFC671B1D8AFE00E54163 /* Helpers */,
				A87CFC4C1B1C886600E54163 /* Framework */,
				A87CFC5F1B1CAC7D00E54163 /* Demo Views */,
				A87CFC5C1B1CA62500E54163 /* ListViewController.h */,
				A87CFC5D1B1CA62500E54163 /* ListViewController.m */,
				A87CFC611B1D85F700E54163 /* DetailViewController.h */,
				A87CFC621B1D85F700E54163 /* DetailViewController.m */,
				A87CFC681B1D8B5B00E54163 /* AppDelegate.h */,
				A87CFC691B1D8B5B00E54163 /* AppDelegate.m */,
				A87CFC331B1C883B00E54163 /* Images.xcassets */,
				A87CFC351B1C883B00E54163 /* LaunchScreen.xib */,
				A87CFC261B1C883B00E54163 /* Supporting Files */,
			);
			path = FrameLayoutTestApp;
			sourceTree = "<group>";
		};
		A87CFC261B1C883B00E54163 /* Supporting Files */ = {
			isa = PBXGroup;
			children = (
				A87CFC271B1C883B00E54163 /* Info.plist */,
				A87CFC281B1C883B00E54163 /* main.m */,
			);
			name = "Supporting Files";
			sourceTree = "<group>";
		};
		A87CFC3F1B1C883B00E54163 /* FrameLayoutTestAppTests */ = {
			isa = PBXGroup;
			children = (
				A8A12C7F1B281DB7003320D5 /* UIView+FrameLayoutTest_allignment.m */,
				A8A12C801B281DB7003320D5 /* UIView+FrameLayoutTest_pinnig.m */,
				A8A12C811B281DB7003320D5 /* UIView+FrameLayoutTest_properties.m */,
				A8A12C851B281E4B003320D5 /* UIView+FrameLayoutTest_arrange.m */,
				A87CFC401B1C883B00E54163 /* Supporting Files */,
			);
			path = FrameLayoutTestAppTests;
			sourceTree = "<group>";
		};
		A87CFC401B1C883B00E54163 /* Supporting Files */ = {
			isa = PBXGroup;
			children = (
				A87CFC411B1C883B00E54163 /* Info.plist */,
			);
			name = "Supporting Files";
			sourceTree = "<group>";
		};
		A87CFC4C1B1C886600E54163 /* Framework */ = {
			isa = PBXGroup;
			children = (
				A8D680E41B257F8E0038D3BC /* UIView+PLFrameLayout.h */,
				A8D680E51B257F8E0038D3BC /* UIView+PLFrameLayout.m */,
			);
			name = Framework;
			sourceTree = "<group>";
		};
		A87CFC5F1B1CAC7D00E54163 /* Demo Views */ = {
			isa = PBXGroup;
			children = (
				A8D680E71B259B230038D3BC /* UIView+Utilities.h */,
				A8D680E81B259B230038D3BC /* UIView+Utilities.m */,
				A87CFC531B1C94B900E54163 /* EdgeAlignmentView.h */,
				A87CFC541B1C94B900E54163 /* EdgeAlignmentView.m */,
				A87CFC6B1B1D928E00E54163 /* RowAlignmentView.h */,
				A87CFC6C1B1D928E00E54163 /* RowAlignmentView.m */,
				A87CFC6E1B1D9CFB00E54163 /* SampleAppView.h */,
				A87CFC6F1B1D9CFB00E54163 /* SampleAppView.m */,
				A87CFC741B1DE89B00E54163 /* RowColsArrangementView.h */,
				A87CFC751B1DE89B00E54163 /* RowColsArrangementView.m */,
			);
			name = "Demo Views";
			sourceTree = "<group>";
		};
		A87CFC671B1D8AFE00E54163 /* Helpers */ = {
			isa = PBXGroup;
			children = (
				A87CFC641B1D88AD00E54163 /* ColorSubviewFactory.h */,
				A87CFC651B1D88AD00E54163 /* ColorSubviewFactory.m */,
			);
			name = Helpers;
			sourceTree = "<group>";
		};
/* End PBXGroup section */

/* Begin PBXNativeTarget section */
		A87CFC221B1C883B00E54163 /* FrameLayoutTestApp */ = {
			isa = PBXNativeTarget;
			buildConfigurationList = A87CFC461B1C883B00E54163 /* Build configuration list for PBXNativeTarget "FrameLayoutTestApp" */;
			buildPhases = (
				A87CFC1F1B1C883B00E54163 /* Sources */,
				A87CFC201B1C883B00E54163 /* Frameworks */,
				A87CFC211B1C883B00E54163 /* Resources */,
			);
			buildRules = (
			);
			dependencies = (
			);
			name = FrameLayoutTestApp;
			productName = FrameLayoutTestApp;
			productReference = A87CFC231B1C883B00E54163 /* FrameLayoutTestApp.app */;
			productType = "com.apple.product-type.application";
		};
		A87CFC3B1B1C883B00E54163 /* FrameLayoutTestAppTests */ = {
			isa = PBXNativeTarget;
			buildConfigurationList = A87CFC491B1C883B00E54163 /* Build configuration list for PBXNativeTarget "FrameLayoutTestAppTests" */;
			buildPhases = (
				A87CFC381B1C883B00E54163 /* Sources */,
				A87CFC391B1C883B00E54163 /* Frameworks */,
				A87CFC3A1B1C883B00E54163 /* Resources */,
			);
			buildRules = (
			);
			dependencies = (
				A87CFC3E1B1C883B00E54163 /* PBXTargetDependency */,
			);
			name = FrameLayoutTestAppTests;
			productName = FrameLayoutTestAppTests;
			productReference = A87CFC3C1B1C883B00E54163 /* FrameLayoutTestAppTests.xctest */;
			productType = "com.apple.product-type.bundle.unit-test";
		};
/* End PBXNativeTarget section */

/* Begin PBXProject section */
		A87CFC1B1B1C883B00E54163 /* Project object */ = {
			isa = PBXProject;
			attributes = {
				LastUpgradeCheck = 0630;
				ORGANIZATIONNAME = Polidea;
				TargetAttributes = {
					A87CFC221B1C883B00E54163 = {
						CreatedOnToolsVersion = 6.3.2;
					};
					A87CFC3B1B1C883B00E54163 = {
						CreatedOnToolsVersion = 6.3.2;
						TestTargetID = A87CFC221B1C883B00E54163;
					};
				};
			};
			buildConfigurationList = A87CFC1E1B1C883B00E54163 /* Build configuration list for PBXProject "FrameLayoutTestApp" */;
			compatibilityVersion = "Xcode 3.2";
			developmentRegion = English;
			hasScannedForEncodings = 0;
			knownRegions = (
				en,
				Base,
			);
			mainGroup = A87CFC1A1B1C883B00E54163;
			productRefGroup = A87CFC241B1C883B00E54163 /* Products */;
			projectDirPath = "";
			projectRoot = "";
			targets = (
				A87CFC221B1C883B00E54163 /* FrameLayoutTestApp */,
				A87CFC3B1B1C883B00E54163 /* FrameLayoutTestAppTests */,
			);
		};
/* End PBXProject section */

/* Begin PBXResourcesBuildPhase section */
		A87CFC211B1C883B00E54163 /* Resources */ = {
			isa = PBXResourcesBuildPhase;
			buildActionMask = 2147483647;
			files = (
				A87CFC371B1C883B00E54163 /* LaunchScreen.xib in Resources */,
				A87CFC341B1C883B00E54163 /* Images.xcassets in Resources */,
			);
			runOnlyForDeploymentPostprocessing = 0;
		};
		A87CFC3A1B1C883B00E54163 /* Resources */ = {
			isa = PBXResourcesBuildPhase;
			buildActionMask = 2147483647;
			files = (
			);
			runOnlyForDeploymentPostprocessing = 0;
		};
/* End PBXResourcesBuildPhase section */

/* Begin PBXSourcesBuildPhase section */
		A87CFC1F1B1C883B00E54163 /* Sources */ = {
			isa = PBXSourcesBuildPhase;
			buildActionMask = 2147483647;
			files = (
				A87CFC6D1B1D928E00E54163 /* RowAlignmentView.m in Sources */,
				A87CFC551B1C94B900E54163 /* EdgeAlignmentView.m in Sources */,
				A87CFC761B1DE89B00E54163 /* RowColsArrangementView.m in Sources */,
				A8D680E61B257F8E0038D3BC /* UIView+PLFrameLayout.m in Sources */,
				A87CFC661B1D88AD00E54163 /* ColorSubviewFactory.m in Sources */,
				A87CFC5E1B1CA62500E54163 /* ListViewController.m in Sources */,
				A87CFC701B1D9CFB00E54163 /* SampleAppView.m in Sources */,
				A87CFC291B1C883B00E54163 /* main.m in Sources */,
				A87CFC631B1D85F700E54163 /* DetailViewController.m in Sources */,
				A87CFC6A1B1D8B5B00E54163 /* AppDelegate.m in Sources */,
				A8D680E91B259B230038D3BC /* UIView+Utilities.m in Sources */,
			);
			runOnlyForDeploymentPostprocessing = 0;
		};
		A87CFC381B1C883B00E54163 /* Sources */ = {
			isa = PBXSourcesBuildPhase;
			buildActionMask = 2147483647;
			files = (
				A8A12C821B281DB7003320D5 /* UIView+FrameLayoutTest_allignment.m in Sources */,
				A8A12C831B281DB7003320D5 /* UIView+FrameLayoutTest_pinnig.m in Sources */,
				A8A12C861B281E4B003320D5 /* UIView+FrameLayoutTest_arrange.m in Sources */,
				A8A12C841B281DB7003320D5 /* UIView+FrameLayoutTest_properties.m in Sources */,
			);
			runOnlyForDeploymentPostprocessing = 0;
		};
/* End PBXSourcesBuildPhase section */

/* Begin PBXTargetDependency section */
		A87CFC3E1B1C883B00E54163 /* PBXTargetDependency */ = {
			isa = PBXTargetDependency;
			target = A87CFC221B1C883B00E54163 /* FrameLayoutTestApp */;
			targetProxy = A87CFC3D1B1C883B00E54163 /* PBXContainerItemProxy */;
		};
/* End PBXTargetDependency section */

/* Begin PBXVariantGroup section */
		A87CFC351B1C883B00E54163 /* LaunchScreen.xib */ = {
			isa = PBXVariantGroup;
			children = (
				A87CFC361B1C883B00E54163 /* Base */,
			);
			name = LaunchScreen.xib;
			sourceTree = "<group>";
		};
/* End PBXVariantGroup section */

/* Begin XCBuildConfiguration section */
		A87CFC441B1C883B00E54163 /* Debug */ = {
			isa = XCBuildConfiguration;
			buildSettings = {
				ALWAYS_SEARCH_USER_PATHS = NO;
				CLANG_CXX_LANGUAGE_STANDARD = "gnu++0x";
				CLANG_CXX_LIBRARY = "libc++";
				CLANG_ENABLE_MODULES = YES;
				CLANG_ENABLE_OBJC_ARC = YES;
				CLANG_WARN_BOOL_CONVERSION = YES;
				CLANG_WARN_CONSTANT_CONVERSION = YES;
				CLANG_WARN_DIRECT_OBJC_ISA_USAGE = YES_ERROR;
				CLANG_WARN_EMPTY_BODY = YES;
				CLANG_WARN_ENUM_CONVERSION = YES;
				CLANG_WARN_INT_CONVERSION = YES;
				CLANG_WARN_OBJC_ROOT_CLASS = YES_ERROR;
				CLANG_WARN_UNREACHABLE_CODE = YES;
				CLANG_WARN__DUPLICATE_METHOD_MATCH = YES;
				"CODE_SIGN_IDENTITY[sdk=iphoneos*]" = "iPhone Developer";
				COPY_PHASE_STRIP = NO;
				DEBUG_INFORMATION_FORMAT = "dwarf-with-dsym";
				ENABLE_STRICT_OBJC_MSGSEND = YES;
				GCC_C_LANGUAGE_STANDARD = gnu99;
				GCC_DYNAMIC_NO_PIC = NO;
				GCC_NO_COMMON_BLOCKS = YES;
				GCC_OPTIMIZATION_LEVEL = 0;
				GCC_PREPROCESSOR_DEFINITIONS = (
					"DEBUG=1",
					"$(inherited)",
				);
				GCC_SYMBOLS_PRIVATE_EXTERN = NO;
				GCC_WARN_64_TO_32_BIT_CONVERSION = YES;
				GCC_WARN_ABOUT_RETURN_TYPE = YES_ERROR;
				GCC_WARN_UNDECLARED_SELECTOR = YES;
				GCC_WARN_UNINITIALIZED_AUTOS = YES_AGGRESSIVE;
				GCC_WARN_UNUSED_FUNCTION = YES;
				GCC_WARN_UNUSED_VARIABLE = YES;
				IPHONEOS_DEPLOYMENT_TARGET = 8.3;
				MTL_ENABLE_DEBUG_INFO = YES;
				ONLY_ACTIVE_ARCH = YES;
				SDKROOT = iphoneos;
			};
			name = Debug;
		};
		A87CFC451B1C883B00E54163 /* Release */ = {
			isa = XCBuildConfiguration;
			buildSettings = {
				ALWAYS_SEARCH_USER_PATHS = NO;
				CLANG_CXX_LANGUAGE_STANDARD = "gnu++0x";
				CLANG_CXX_LIBRARY = "libc++";
				CLANG_ENABLE_MODULES = YES;
				CLANG_ENABLE_OBJC_ARC = YES;
				CLANG_WARN_BOOL_CONVERSION = YES;
				CLANG_WARN_CONSTANT_CONVERSION = YES;
				CLANG_WARN_DIRECT_OBJC_ISA_USAGE = YES_ERROR;
				CLANG_WARN_EMPTY_BODY = YES;
				CLANG_WARN_ENUM_CONVERSION = YES;
				CLANG_WARN_INT_CONVERSION = YES;
				CLANG_WARN_OBJC_ROOT_CLASS = YES_ERROR;
				CLANG_WARN_UNREACHABLE_CODE = YES;
				CLANG_WARN__DUPLICATE_METHOD_MATCH = YES;
				"CODE_SIGN_IDENTITY[sdk=iphoneos*]" = "iPhone Developer";
				COPY_PHASE_STRIP = NO;
				DEBUG_INFORMATION_FORMAT = "dwarf-with-dsym";
				ENABLE_NS_ASSERTIONS = NO;
				ENABLE_STRICT_OBJC_MSGSEND = YES;
				GCC_C_LANGUAGE_STANDARD = gnu99;
				GCC_NO_COMMON_BLOCKS = YES;
				GCC_WARN_64_TO_32_BIT_CONVERSION = YES;
				GCC_WARN_ABOUT_RETURN_TYPE = YES_ERROR;
				GCC_WARN_UNDECLARED_SELECTOR = YES;
				GCC_WARN_UNINITIALIZED_AUTOS = YES_AGGRESSIVE;
				GCC_WARN_UNUSED_FUNCTION = YES;
				GCC_WARN_UNUSED_VARIABLE = YES;
				IPHONEOS_DEPLOYMENT_TARGET = 8.3;
				MTL_ENABLE_DEBUG_INFO = NO;
				SDKROOT = iphoneos;
				VALIDATE_PRODUCT = YES;
			};
			name = Release;
		};
		A87CFC471B1C883B00E54163 /* Debug */ = {
			isa = XCBuildConfiguration;
			buildSettings = {
				ASSETCATALOG_COMPILER_APPICON_NAME = AppIcon;
				INFOPLIST_FILE = FrameLayoutTestApp/Info.plist;
				IPHONEOS_DEPLOYMENT_TARGET = 6.0;
				LD_RUNPATH_SEARCH_PATHS = "$(inherited) @executable_path/Frameworks";
				PRODUCT_NAME = "$(TARGET_NAME)";
			};
			name = Debug;
		};
		A87CFC481B1C883B00E54163 /* Release */ = {
			isa = XCBuildConfiguration;
			buildSettings = {
				ASSETCATALOG_COMPILER_APPICON_NAME = AppIcon;
				INFOPLIST_FILE = FrameLayoutTestApp/Info.plist;
				IPHONEOS_DEPLOYMENT_TARGET = 6.0;
				LD_RUNPATH_SEARCH_PATHS = "$(inherited) @executable_path/Frameworks";
				PRODUCT_NAME = "$(TARGET_NAME)";
			};
			name = Release;
		};
		A87CFC4A1B1C883B00E54163 /* Debug */ = {
			isa = XCBuildConfiguration;
			buildSettings = {
				BUNDLE_LOADER = "$(TEST_HOST)";
				FRAMEWORK_SEARCH_PATHS = (
					"$(SDKROOT)/Developer/Library/Frameworks",
					"$(inherited)",
				);
				GCC_PREPROCESSOR_DEFINITIONS = (
					"DEBUG=1",
					"$(inherited)",
				);
				INFOPLIST_FILE = FrameLayoutTestAppTests/Info.plist;
				LD_RUNPATH_SEARCH_PATHS = "$(inherited) @executable_path/Frameworks @loader_path/Frameworks";
				PRODUCT_NAME = "$(TARGET_NAME)";
				TEST_HOST = "$(BUILT_PRODUCTS_DIR)/FrameLayoutTestApp.app/FrameLayoutTestApp";
			};
			name = Debug;
		};
		A87CFC4B1B1C883B00E54163 /* Release */ = {
			isa = XCBuildConfiguration;
			buildSettings = {
				BUNDLE_LOADER = "$(TEST_HOST)";
				FRAMEWORK_SEARCH_PATHS = (
					"$(SDKROOT)/Developer/Library/Frameworks",
					"$(inherited)",
				);
				INFOPLIST_FILE = FrameLayoutTestAppTests/Info.plist;
				LD_RUNPATH_SEARCH_PATHS = "$(inherited) @executable_path/Frameworks @loader_path/Frameworks";
				PRODUCT_NAME = "$(TARGET_NAME)";
				TEST_HOST = "$(BUILT_PRODUCTS_DIR)/FrameLayoutTestApp.app/FrameLayoutTestApp";
			};
			name = Release;
		};
/* End XCBuildConfiguration section */

/* Begin XCConfigurationList section */
		A87CFC1E1B1C883B00E54163 /* Build configuration list for PBXProject "FrameLayoutTestApp" */ = {
			isa = XCConfigurationList;
			buildConfigurations = (
				A87CFC441B1C883B00E54163 /* Debug */,
				A87CFC451B1C883B00E54163 /* Release */,
			);
			defaultConfigurationIsVisible = 0;
			defaultConfigurationName = Release;
		};
		A87CFC461B1C883B00E54163 /* Build configuration list for PBXNativeTarget "FrameLayoutTestApp" */ = {
			isa = XCConfigurationList;
			buildConfigurations = (
				A87CFC471B1C883B00E54163 /* Debug */,
				A87CFC481B1C883B00E54163 /* Release */,
			);
			defaultConfigurationIsVisible = 0;
			defaultConfigurationName = Release;
		};
		A87CFC491B1C883B00E54163 /* Build configuration list for PBXNativeTarget "FrameLayoutTestAppTests" */ = {
			isa = XCConfigurationList;
			buildConfigurations = (
				A87CFC4A1B1C883B00E54163 /* Debug */,
				A87CFC4B1B1C883B00E54163 /* Release */,
			);
			defaultConfigurationIsVisible = 0;
			defaultConfigurationName = Release;
		};
/* End XCConfigurationList section */
	};
	rootObject = A87CFC1B1B1C883B00E54163 /* Project object */;
}
